
Microsoft Visual Studio Solution File, Format Version 12.00
# Visual Studio Version 17
VisualStudioVersion = 17.14.36221.1
MinimumVisualStudioVersion = 10.0.40219.1
Project("{2150E333-8FDC-42A3-9474-1A3956D46DE8}") = "src", "src", "{02EA681E-C7D8-13C7-8484-4AC65E1B71E8}"
EndProject
Project("{2150E333-8FDC-42A3-9474-1A3956D46DE8}") = "test", "test", "{432C6E51-4C7F-4A82-ADA8-B38412FE5B0B}"
EndProject
Project("{2150E333-8FDC-42A3-9474-1A3956D46DE8}") = "Core", "Core", "{2B978235-6526-40A8-A58A-D51BF4DA0130}"
EndProject
Project("{2150E333-8FDC-42A3-9474-1A3956D46DE8}") = "Infrastructure", "Infrastructure", "{6A10B1F9-45D0-450A-ABDB-0E2DD6616EF7}"
EndProject
Project("{2150E333-8FDC-42A3-9474-1A3956D46DE8}") = "Shared", "Shared", "{5D33A57F-A137-490D-96EC-3C237B92EB2B}"
EndProject
Project("{FAE04EC0-301F-11D3-BF4B-00C04F79EFBC}") = "MedCS_2.Domain", "MedCS_2.Domain\MedCS_2.Domain.csproj", "{7E6C5D33-B5D7-4F48-B12F-662B8D14FBAF}"
EndProject
Project("{FAE04EC0-301F-11D3-BF4B-00C04F79EFBC}") = "MedCS_2.Shared", "MedCS_2.Shared\MedCS_2.Shared.csproj", "{4B1DC0CF-D89E-4FC3-950B-B72E4CE393C0}"
EndProject
Project("{2150E333-8FDC-42A3-9474-1A3956D46DE8}") = "Presentation", "Presentation", "{07B4762A-8DA7-4224-8704-7AB96FA27652}"
EndProject
Project("{FAE04EC0-301F-11D3-BF4B-00C04F79EFBC}") = "MedCS_2.Presistence", "MedCS_2.Presistence\MedCS_2.Presistence.csproj", "{776C93F5-C5C9-4C20-B23A-4AB6178B38F3}"
EndProject
Project("{FAE04EC0-301F-11D3-BF4B-00C04F79EFBC}") = "MedCS_2.Infrastructure", "MedCS_2.Infrastructure\MedCS_2.Infrastructure.csproj", "{25873108-F8E0-4B9A-B543-8EC02C84CAA7}"
EndProject
Project("{FAE04EC0-301F-11D3-BF4B-00C04F79EFBC}") = "MedCS_2.Application", "MedCS_2.Application\MedCS_2.Application.csproj", "{8B426D27-3556-40C2-BB3D-CFE04DE3991B}"
EndProject
Project("{FAE04EC0-301F-11D3-BF4B-00C04F79EFBC}") = "MedCS_2.Api", "MedCS_2.Api\MedCS_2.Api.csproj", "{0D00C84F-0251-4751-BC67-125B07EFA62B}"
EndProject
Global
	GlobalSection(SolutionConfigurationPlatforms) = preSolution
		Debug|Any CPU = Debug|Any CPU
		Release|Any CPU = Release|Any CPU
	EndGlobalSection
	GlobalSection(ProjectConfigurationPlatforms) = postSolution
		{7E6C5D33-B5D7-4F48-B12F-662B8D14FBAF}.Debug|Any CPU.ActiveCfg = Debug|Any CPU
		{7E6C5D33-B5D7-4F48-B12F-662B8D14FBAF}.Debug|Any CPU.Build.0 = Debug|Any CPU
		{7E6C5D33-B5D7-4F48-B12F-662B8D14FBAF}.Release|Any CPU.ActiveCfg = Release|Any CPU
		{7E6C5D33-B5D7-4F48-B12F-662B8D14FBAF}.Release|Any CPU.Build.0 = Release|Any CPU
		{4B1DC0CF-D89E-4FC3-950B-B72E4CE393C0}.Debug|Any CPU.ActiveCfg = Debug|Any CPU
		{4B1DC0CF-D89E-4FC3-950B-B72E4CE393C0}.Debug|Any CPU.Build.0 = Debug|Any CPU
		{4B1DC0CF-D89E-4FC3-950B-B72E4CE393C0}.Release|Any CPU.ActiveCfg = Release|Any CPU
		{4B1DC0CF-D89E-4FC3-950B-B72E4CE393C0}.Release|Any CPU.Build.0 = Release|Any CPU
		{776C93F5-C5C9-4C20-B23A-4AB6178B38F3}.Debug|Any CPU.ActiveCfg = Debug|Any CPU
		{776C93F5-C5C9-4C20-B23A-4AB6178B38F3}.Debug|Any CPU.Build.0 = Debug|Any CPU
		{776C93F5-C5C9-4C20-B23A-4AB6178B38F3}.Release|Any CPU.ActiveCfg = Release|Any CPU
		{776C93F5-C5C9-4C20-B23A-4AB6178B38F3}.Release|Any CPU.Build.0 = Release|Any CPU
		{25873108-F8E0-4B9A-B543-8EC02C84CAA7}.Debug|Any CPU.ActiveCfg = Debug|Any CPU
		{25873108-F8E0-4B9A-B543-8EC02C84CAA7}.Debug|Any CPU.Build.0 = Debug|Any CPU
		{25873108-F8E0-4B9A-B543-8EC02C84CAA7}.Release|Any CPU.ActiveCfg = Release|Any CPU
		{25873108-F8E0-4B9A-B543-8EC02C84CAA7}.Release|Any CPU.Build.0 = Release|Any CPU
		{8B426D27-3556-40C2-BB3D-CFE04DE3991B}.Debug|Any CPU.ActiveCfg = Debug|Any CPU
		{8B426D27-3556-40C2-BB3D-CFE04DE3991B}.Debug|Any CPU.Build.0 = Debug|Any CPU
		{8B426D27-3556-40C2-BB3D-CFE04DE3991B}.Release|Any CPU.ActiveCfg = Release|Any CPU
		{8B426D27-3556-40C2-BB3D-CFE04DE3991B}.Release|Any CPU.Build.0 = Release|Any CPU
		{0D00C84F-0251-4751-BC67-125B07EFA62B}.Debug|Any CPU.ActiveCfg = Debug|Any CPU
		{0D00C84F-0251-4751-BC67-125B07EFA62B}.Debug|Any CPU.Build.0 = Debug|Any CPU
		{0D00C84F-0251-4751-BC67-125B07EFA62B}.Release|Any CPU.ActiveCfg = Release|Any CPU
		{0D00C84F-0251-4751-BC67-125B07EFA62B}.Release|Any CPU.Build.0 = Release|Any CPU
	EndGlobalSection
	GlobalSection(SolutionProperties) = preSolution
		HideSolutionNode = FALSE
	EndGlobalSection
	GlobalSection(NestedProjects) = preSolution
		{2B978235-6526-40A8-A58A-D51BF4DA0130} = {02EA681E-C7D8-13C7-8484-4AC65E1B71E8}
		{6A10B1F9-45D0-450A-ABDB-0E2DD6616EF7} = {02EA681E-C7D8-13C7-8484-4AC65E1B71E8}
		{5D33A57F-A137-490D-96EC-3C237B92EB2B} = {02EA681E-C7D8-13C7-8484-4AC65E1B71E8}
		{7E6C5D33-B5D7-4F48-B12F-662B8D14FBAF} = {2B978235-6526-40A8-A58A-D51BF4DA0130}
		{4B1DC0CF-D89E-4FC3-950B-B72E4CE393C0} = {5D33A57F-A137-490D-96EC-3C237B92EB2B}
		{07B4762A-8DA7-4224-8704-7AB96FA27652} = {02EA681E-C7D8-13C7-8484-4AC65E1B71E8}
		{776C93F5-C5C9-4C20-B23A-4AB6178B38F3} = {6A10B1F9-45D0-450A-ABDB-0E2DD6616EF7}
		{25873108-F8E0-4B9A-B543-8EC02C84CAA7} = {6A10B1F9-45D0-450A-ABDB-0E2DD6616EF7}
		{8B426D27-3556-40C2-BB3D-CFE04DE3991B} = {2B978235-6526-40A8-A58A-D51BF4DA0130}
		{0D00C84F-0251-4751-BC67-125B07EFA62B} = {07B4762A-8DA7-4224-8704-7AB96FA27652}
	EndGlobalSection
	GlobalSection(ExtensibilityGlobals) = postSolution
		SolutionGuid = {AA70387F-8A19-476E-A31E-025B23F11012}
	EndGlobalSection
EndGlobal
